
Microsoft Visual Studio Solution File, Format Version 12.00
# Visual Studio Version 17
VisualStudioVersion = 17.5.002.0
MinimumVisualStudioVersion = 10.0.40219.1
Project("{9A19103F-16F7-4668-BE54-9A1E7A4F7556}") = "webapi-tutorial", "webapi-tutorial.csproj", "{46A93EC4-DF4C-4FF7-9CD1-499A6EFA2E54}"
EndProject
Global
	GlobalSection(SolutionConfigurationPlatforms) = preSolution
		Debug|Any CPU = Debug|Any CPU
		Release|Any CPU = Release|Any CPU
	EndGlobalSection
	GlobalSection(ProjectConfigurationPlatforms) = postSolution
		{46A93EC4-DF4C-4FF7-9CD1-499A6EFA2E54}.Debug|Any CPU.ActiveCfg = Debug|Any CPU
		{46A93EC4-DF4C-4FF7-9CD1-499A6EFA2E54}.Debug|Any CPU.Build.0 = Debug|Any CPU
		{46A93EC4-DF4C-4FF7-9CD1-499A6EFA2E54}.Release|Any CPU.ActiveCfg = Release|Any CPU
		{46A93EC4-DF4C-4FF7-9CD1-499A6EFA2E54}.Release|Any CPU.Build.0 = Release|Any CPU
	EndGlobalSection
	GlobalSection(SolutionProperties) = preSolution
		HideSolutionNode = FALSE
	EndGlobalSection
	GlobalSection(ExtensibilityGlobals) = postSolution
		SolutionGuid = {25220EBD-D6E8-47A4-97B4-06F96A5BCD53}
	EndGlobalSection
EndGlobal
